Microsoft Visual Studio Solution File, Format Version 12.00
# Visual Studio Version 17
VisualStudioVersion = 17.5.2.0
MinimumVisualStudioVersion = 10.0.40219.1
Project("{FAE04EC0-301F-11D3-BF4B-00C04F79EFBC}") = "Todo", "Todo\Todo.csproj", "{1B8F0A69-81BA-D73E-3588-43EDF31BA110}"
EndProject
Global
	GlobalSection(SolutionConfigurationPlatforms) = preSolution
		Debug|Any CPU = Debug|Any CPU
		Release|Any CPU = Release|Any CPU
	EndGlobalSection
	GlobalSection(ProjectConfigurationPlatforms) = postSolution
		{1B8F0A69-81BA-D73E-3588-43EDF31BA110}.Debug|Any CPU.ActiveCfg = Debug|Any CPU
		{1B8F0A69-81BA-D73E-3588-43EDF31BA110}.Debug|Any CPU.Build.0 = Debug|Any CPU
		{1B8F0A69-81BA-D73E-3588-43EDF31BA110}.Release|Any CPU.ActiveCfg = Release|Any CPU
		{1B8F0A69-81BA-D73E-3588-43EDF31BA110}.Release|Any CPU.Build.0 = Release|Any CPU
	EndGlobalSection
	GlobalSection(SolutionProperties) = preSolution
		HideSolutionNode = FALSE
	EndGlobalSection
	GlobalSection(ExtensibilityGlobals) = postSolution
		SolutionGuid = {14046A67-DFFA-498D-9D6A-8DDC6509A63B}
	EndGlobalSection
EndGlobal
